
Microsoft Visual Studio Solution File, Format Version 12.00
# Visual Studio Version 17
VisualStudioVersion = 17.4.33213.308
MinimumVisualStudioVersion = 10.0.40219.1
Project("{FAE04EC0-301F-11D3-BF4B-00C04F79EFBC}") = "WpfFinalProject", "WpfFinalProject\WpfFinalProject.csproj", "{E87D9165-2923-406A-81B6-EF06129F847A}"
EndProject
Global
	GlobalSection(SolutionConfigurationPlatforms) = preSolution
		Debug|Any CPU = Debug|Any CPU
		Release|Any CPU = Release|Any CPU
	EndGlobalSection
	GlobalSection(ProjectConfigurationPlatforms) = postSolution
		{E87D9165-2923-406A-81B6-EF06129F847A}.Debug|Any CPU.ActiveCfg = Debug|Any CPU
		{E87D9165-2923-406A-81B6-EF06129F847A}.Debug|Any CPU.Build.0 = Debug|Any CPU
		{E87D9165-2923-406A-81B6-EF06129F847A}.Release|Any CPU.ActiveCfg = Release|Any CPU
		{E87D9165-2923-406A-81B6-EF06129F847A}.Release|Any CPU.Build.0 = Release|Any CPU
	EndGlobalSection
	GlobalSection(SolutionProperties) = preSolution
		HideSolutionNode = FALSE
	EndGlobalSection
	GlobalSection(ExtensibilityGlobals) = postSolution
		SolutionGuid = {D75F6377-5515-430F-86FB-3967FF21DEFD}
	EndGlobalSection
EndGlobal
